
Microsoft Visual Studio Solution File, Format Version 12.00
# Visual Studio 15
VisualStudioVersion = 15.0.27130.2036
MinimumVisualStudioVersion = 10.0.40219.1
Project("{FAE04EC0-301F-11D3-BF4B-00C04F79EFBC}") = "SpeechRun", "SpeechRun\SpeechRun.csproj", "{A3BBE384-E7E2-4E48-A2D2-C89E8E84562B}"
EndProject
Global
	GlobalSection(SolutionConfigurationPlatforms) = preSolution
		Debug|Any CPU = Debug|Any CPU
		Release|Any CPU = Release|Any CPU
	EndGlobalSection
	GlobalSection(ProjectConfigurationPlatforms) = postSolution
		{A3BBE384-E7E2-4E48-A2D2-C89E8E84562B}.Debug|Any CPU.ActiveCfg = Debug|Any CPU
		{A3BBE384-E7E2-4E48-A2D2-C89E8E84562B}.Debug|Any CPU.Build.0 = Debug|Any CPU
		{A3BBE384-E7E2-4E48-A2D2-C89E8E84562B}.Release|Any CPU.ActiveCfg = Release|Any CPU
		{A3BBE384-E7E2-4E48-A2D2-C89E8E84562B}.Release|Any CPU.Build.0 = Release|Any CPU
	EndGlobalSection
	GlobalSection(SolutionProperties) = preSolution
		HideSolutionNode = FALSE
	EndGlobalSection
	GlobalSection(ExtensibilityGlobals) = postSolution
		SolutionGuid = {F8B231C2-E8BF-47B7-AC57-C0FCE87C2BB0}
	EndGlobalSection
EndGlobal
